
Microsoft Visual Studio Solution File, Format Version 12.00
# Visual Studio 2013
VisualStudioVersion = 12.0.21005.1
MinimumVisualStudioVersion = 10.0.40219.1
Project("{FAE04EC0-301F-11D3-BF4B-00C04F79EFBC}") = "UI_Library management system", "Library management system\UI_Library management system.csproj", "{7A3EFDE0-5F21-4153-B956-BF945B8AE31E}"
EndProject
Project("{FAE04EC0-301F-11D3-BF4B-00C04F79EFBC}") = "Model_Library management system", "Model_Library management system\Model_Library management system.csproj", "{E1B46440-4668-47F7-BCDF-B396370DD2DC}"
EndProject
Project("{FAE04EC0-301F-11D3-BF4B-00C04F79EFBC}") = "BLL_Library management system", "BLL_Library management system\BLL_Library management system.csproj", "{6D6DB3CC-CE27-45E2-A35F-F73B5693CE8E}"
EndProject
Project("{FAE04EC0-301F-11D3-BF4B-00C04F79EFBC}") = "DAL_Library management system", "DAL_Library management system\DAL_Library management system.csproj", "{7FBF333D-D263-46BE-9936-66F6634822B6}"
EndProject
Global
	GlobalSection(SolutionConfigurationPlatforms) = preSolution
		Debug|Any CPU = Debug|Any CPU
		Release|Any CPU = Release|Any CPU
	EndGlobalSection
	GlobalSection(ProjectConfigurationPlatforms) = postSolution
		{7A3EFDE0-5F21-4153-B956-BF945B8AE31E}.Debug|Any CPU.ActiveCfg = Debug|Any CPU
		{7A3EFDE0-5F21-4153-B956-BF945B8AE31E}.Debug|Any CPU.Build.0 = Debug|Any CPU
		{7A3EFDE0-5F21-4153-B956-BF945B8AE31E}.Release|Any CPU.ActiveCfg = Release|Any CPU
		{7A3EFDE0-5F21-4153-B956-BF945B8AE31E}.Release|Any CPU.Build.0 = Release|Any CPU
		{E1B46440-4668-47F7-BCDF-B396370DD2DC}.Debug|Any CPU.ActiveCfg = Debug|Any CPU
		{E1B46440-4668-47F7-BCDF-B396370DD2DC}.Debug|Any CPU.Build.0 = Debug|Any CPU
		{E1B46440-4668-47F7-BCDF-B396370DD2DC}.Release|Any CPU.ActiveCfg = Release|Any CPU
		{E1B46440-4668-47F7-BCDF-B396370DD2DC}.Release|Any CPU.Build.0 = Release|Any CPU
		{6D6DB3CC-CE27-45E2-A35F-F73B5693CE8E}.Debug|Any CPU.ActiveCfg = Debug|Any CPU
		{6D6DB3CC-CE27-45E2-A35F-F73B5693CE8E}.Debug|Any CPU.Build.0 = Debug|Any CPU
		{6D6DB3CC-CE27-45E2-A35F-F73B5693CE8E}.Release|Any CPU.ActiveCfg = Release|Any CPU
		{6D6DB3CC-CE27-45E2-A35F-F73B5693CE8E}.Release|Any CPU.Build.0 = Release|Any CPU
		{7FBF333D-D263-46BE-9936-66F6634822B6}.Debug|Any CPU.ActiveCfg = Debug|Any CPU
		{7FBF333D-D263-46BE-9936-66F6634822B6}.Debug|Any CPU.Build.0 = Debug|Any CPU
		{7FBF333D-D263-46BE-9936-66F6634822B6}.Release|Any CPU.ActiveCfg = Release|Any CPU
		{7FBF333D-D263-46BE-9936-66F6634822B6}.Release|Any CPU.Build.0 = Release|Any CPU
	EndGlobalSection
	GlobalSection(SolutionProperties) = preSolution
		HideSolutionNode = FALSE
	EndGlobalSection
EndGlobal
